
Microsoft Visual Studio Solution File, Format Version 12.00
# Visual Studio Version 17
VisualStudioVersion = 17.11.35327.3
MinimumVisualStudioVersion = 10.0.40219.1
Project("{FAE04EC0-301F-11D3-BF4B-00C04F79EFBC}") = "DocumentManagementSystem", "DocumentManagementSystem\DocumentManagementSystem.csproj", "{B283E146-6884-4EF5-9766-B972918E3976}"
EndProject
Global
	GlobalSection(SolutionConfigurationPlatforms) = preSolution
		Debug|Any CPU = Debug|Any CPU
		Release|Any CPU = Release|Any CPU
	EndGlobalSection
	GlobalSection(ProjectConfigurationPlatforms) = postSolution
		{B283E146-6884-4EF5-9766-B972918E3976}.Debug|Any CPU.ActiveCfg = Debug|Any CPU
		{B283E146-6884-4EF5-9766-B972918E3976}.Debug|Any CPU.Build.0 = Debug|Any CPU
		{B283E146-6884-4EF5-9766-B972918E3976}.Release|Any CPU.ActiveCfg = Release|Any CPU
		{B283E146-6884-4EF5-9766-B972918E3976}.Release|Any CPU.Build.0 = Release|Any CPU
	EndGlobalSection
	GlobalSection(SolutionProperties) = preSolution
		HideSolutionNode = FALSE
	EndGlobalSection
	GlobalSection(ExtensibilityGlobals) = postSolution
		SolutionGuid = {D7277B9F-B126-45DB-86C5-C35A971663E3}
	EndGlobalSection
EndGlobal
